# This file is automatically @generated by Poetry 1.8.3 and should not be changed by hand.

[[package]]
name = "netifaces"
version = "0.11.0"
description = "Portable network interface information."
optional = false
python-versions = "*"
files = [
    {file = "netifaces-0.11.0-cp27-cp27m-manylinux_2_5_i686.manylinux1_i686.whl", hash = "sha256:eb4813b77d5df99903af4757ce980a98c4d702bbcb81f32a0b305a1537bdf0b1"},
    {file = "netifaces-0.11.0-cp27-cp27m-manylinux_2_5_x86_64.manylinux1_x86_64.whl", hash = "sha256:5f9ca13babe4d845e400921973f6165a4c2f9f3379c7abfc7478160e25d196a4"},
    {file = "netifaces-0.11.0-cp27-cp27m-win32.whl", hash = "sha256:7dbb71ea26d304e78ccccf6faccef71bb27ea35e259fb883cfd7fd7b4f17ecb1"},
    {file = "netifaces-0.11.0-cp27-cp27m-win_amd64.whl", hash = "sha256:0f6133ac02521270d9f7c490f0c8c60638ff4aec8338efeff10a1b51506abe85"},
    {file = "netifaces-0.11.0-cp27-cp27mu-manylinux_2_5_i686.manylinux1_i686.whl", hash = "sha256:08e3f102a59f9eaef70948340aeb6c89bd09734e0dca0f3b82720305729f63ea"},
    {file = "netifaces-0.11.0-cp27-cp27mu-manylinux_2_5_x86_64.manylinux1_x86_64.whl", hash = "sha256:c03fb2d4ef4e393f2e6ffc6376410a22a3544f164b336b3a355226653e5efd89"},
    {file = "netifaces-0.11.0-cp34-cp34m-win32.whl", hash = "sha256:73ff21559675150d31deea8f1f8d7e9a9a7e4688732a94d71327082f517fc6b4"},
    {file = "netifaces-0.11.0-cp35-cp35m-manylinux_2_5_i686.manylinux1_i686.whl", hash = "sha256:815eafdf8b8f2e61370afc6add6194bd5a7252ae44c667e96c4c1ecf418811e4"},
    {file = "netifaces-0.11.0-cp35-cp35m-manylinux_2_5_x86_64.manylinux1_x86_64.whl", hash = "sha256:50721858c935a76b83dd0dd1ab472cad0a3ef540a1408057624604002fcfb45b"},
    {file = "netifaces-0.11.0-cp35-cp35m-win32.whl", hash = "sha256:c9a3a47cd3aaeb71e93e681d9816c56406ed755b9442e981b07e3618fb71d2ac"},
    {file = "netifaces-0.11.0-cp36-cp36m-macosx_10_15_x86_64.whl", hash = "sha256:aab1dbfdc55086c789f0eb37affccf47b895b98d490738b81f3b2360100426be"},
    {file = "netifaces-0.11.0-cp36-cp36m-manylinux_2_5_i686.manylinux1_i686.whl", hash = "sha256:c37a1ca83825bc6f54dddf5277e9c65dec2f1b4d0ba44b8fd42bc30c91aa6ea1"},
    {file = "netifaces-0.11.0-cp36-cp36m-manylinux_2_5_x86_64.manylinux1_x86_64.whl", hash = "sha256:28f4bf3a1361ab3ed93c5ef360c8b7d4a4ae060176a3529e72e5e4ffc4afd8b0"},
    {file = "netifaces-0.11.0-cp36-cp36m-win32.whl", hash = "sha256:2650beee182fed66617e18474b943e72e52f10a24dc8cac1db36c41ee9c041b7"},
    {file = "netifaces-0.11.0-cp36-cp36m-win_amd64.whl", hash = "sha256:cb925e1ca024d6f9b4f9b01d83215fd00fe69d095d0255ff3f64bffda74025c8"},
    {file = "netifaces-0.11.0-cp37-cp37m-macosx_10_15_x86_64.whl", hash = "sha256:84e4d2e6973eccc52778735befc01638498781ce0e39aa2044ccfd2385c03246"},
    {file = "netifaces-0.11.0-cp37-cp37m-manylinux_2_5_i686.manylinux1_i686.whl", hash = "sha256:18917fbbdcb2d4f897153c5ddbb56b31fa6dd7c3fa9608b7e3c3a663df8206b5"},
    {file = "netifaces-0.11.0-cp37-cp37m-manylinux_2_5_x86_64.manylinux1_x86_64.whl", hash = "sha256:48324183af7f1bc44f5f197f3dad54a809ad1ef0c78baee2c88f16a5de02c4c9"},
    {file = "netifaces-0.11.0-cp37-cp37m-win32.whl", hash = "sha256:8f7da24eab0d4184715d96208b38d373fd15c37b0dafb74756c638bd619ba150"},
    {file = "netifaces-0.11.0-cp37-cp37m-win_amd64.whl", hash = "sha256:2479bb4bb50968089a7c045f24d120f37026d7e802ec134c4490eae994c729b5"},
    {file = "netifaces-0.11.0-cp38-cp38-macosx_10_15_x86_64.whl", hash = "sha256:3ecb3f37c31d5d51d2a4d935cfa81c9bc956687c6f5237021b36d6fdc2815b2c"},
    {file = "netifaces-0.11.0-cp38-cp38-manylinux_2_5_i686.manylinux1_i686.whl", hash = "sha256:96c0fe9696398253f93482c84814f0e7290eee0bfec11563bd07d80d701280c3"},
    {file = "netifaces-0.11.0-cp38-cp38-manylinux_2_5_x86_64.manylinux1_x86_64.whl", hash = "sha256:c92ff9ac7c2282009fe0dcb67ee3cd17978cffbe0c8f4b471c00fe4325c9b4d4"},
    {file = "netifaces-0.11.0-cp38-cp38-win32.whl", hash = "sha256:d07b01c51b0b6ceb0f09fc48ec58debd99d2c8430b09e56651addeaf5de48048"},
    {file = "netifaces-0.11.0-cp38-cp38-win_amd64.whl", hash = "sha256:469fc61034f3daf095e02f9f1bbac07927b826c76b745207287bc594884cfd05"},
    {file = "netifaces-0.11.0-cp39-cp39-macosx_10_15_x86_64.whl", hash = "sha256:5be83986100ed1fdfa78f11ccff9e4757297735ac17391b95e17e74335c2047d"},
    {file = "netifaces-0.11.0-cp39-cp39-macosx_11_0_arm64.whl", hash = "sha256:54ff6624eb95b8a07e79aa8817288659af174e954cca24cdb0daeeddfc03c4ff"},
    {file = "netifaces-0.11.0-cp39-cp39-manylinux_2_5_i686.manylinux1_i686.whl", hash = "sha256:841aa21110a20dc1621e3dd9f922c64ca64dd1eb213c47267a2c324d823f6c8f"},
    {file = "netifaces-0.11.0-cp39-cp39-manylinux_2_5_x86_64.manylinux1_x86_64.whl", hash = "sha256:e76c7f351e0444721e85f975ae92718e21c1f361bda946d60a214061de1f00a1"},
    {file = "netifaces-0.11.0.tar.gz", hash = "sha256:043a79146eb2907edf439899f262b3dfe41717d34124298ed281139a8b93ca32"},
]

[[package]]
name = "scapy"
version = "2.5.0"
description = "Scapy: interactive packet manipulation tool"
optional = false
python-versions = ">=2.7, !=3.0.*, !=3.1.*, !=3.2.*, !=3.3.*, <4"
files = [
    {file = "scapy-2.5.0.tar.gz", hash = "sha256:5b260c2b754fd8d409ba83ee7aee294ecdbb2c235f9f78fe90bc11cb6e5debc2"},
]

[package.extras]
basic = ["ipython"]
complete = ["cryptography (>=2.0)", "ipython", "matplotlib", "pyx"]
docs = ["sphinx (>=3.0.0)", "sphinx_rtd_theme (>=0.4.3)", "tox (>=3.0.0)"]

[[package]]
name = "termcolor"
version = "2.4.0"
description = "ANSI color formatting for output in terminal"
optional = false
python-versions = ">=3.8"
files = [
    {file = "termcolor-2.4.0-py3-none-any.whl", hash = "sha256:9297c0df9c99445c2412e832e882a7884038a25617c60cea2ad69488d4040d63"},
    {file = "termcolor-2.4.0.tar.gz", hash = "sha256:aab9e56047c8ac41ed798fa36d892a37aca6b3e9159f3e0c24bc64a9b3ac7b7a"},
]

[package.extras]
tests = ["pytest", "pytest-cov"]

[metadata]
lock-version = "2.0"
python-versions = "^3.11"
content-hash = "b6b47802ebbf5fe6c8a624d9ac0245a09f70353f0cf7c5a3eb789e46e6045bd6"
